
Microsoft Visual Studio Solution File, Format Version 12.00
# Visual Studio Version 16
VisualStudioVersion = 16.0.31112.23
MinimumVisualStudioVersion = 10.0.40219.1
Project("{FAE04EC0-301F-11D3-BF4B-00C04F79EFBC}") = "SampleWebApplication", "SampleWebApplication\SampleWebApplication.csproj", "{10587860-694E-4E55-B8D6-B2F91AABA56C}"
EndProject
Global
	GlobalSection(SolutionConfigurationPlatforms) = preSolution
		Debug|Any CPU = Debug|Any CPU
		Release|Any CPU = Release|Any CPU
	EndGlobalSection
	GlobalSection(ProjectConfigurationPlatforms) = postSolution
		{10587860-694E-4E55-B8D6-B2F91AABA56C}.Debug|Any CPU.ActiveCfg = Debug|Any CPU
		{10587860-694E-4E55-B8D6-B2F91AABA56C}.Debug|Any CPU.Build.0 = Debug|Any CPU
		{10587860-694E-4E55-B8D6-B2F91AABA56C}.Release|Any CPU.ActiveCfg = Release|Any CPU
		{10587860-694E-4E55-B8D6-B2F91AABA56C}.Release|Any CPU.Build.0 = Release|Any CPU
	EndGlobalSection
	GlobalSection(SolutionProperties) = preSolution
		HideSolutionNode = FALSE
	EndGlobalSection
	GlobalSection(ExtensibilityGlobals) = postSolution
		SolutionGuid = {7CF5C11D-BA16-42AE-8A38-5D7E7A43002A}
	EndGlobalSection
EndGlobal
